
Microsoft Visual Studio Solution File, Format Version 12.00
# Visual Studio Version 17
VisualStudioVersion = 17.13.35931.197
MinimumVisualStudioVersion = 10.0.40219.1
Project("{FAE04EC0-301F-11D3-BF4B-00C04F79EFBC}") = "Backend", "Backend\Backend.csproj", "{5DF59301-C6F7-48B1-BDF3-4A6F0865409E}"
EndProject
Project("{FAE04EC0-301F-11D3-BF4B-00C04F79EFBC}") = "Frontend", "Frontend\Frontend.csproj", "{BF76C7D0-A2DD-4DEC-A37D-BEA3751E6C61}"
EndProject
Project("{FAE04EC0-301F-11D3-BF4B-00C04F79EFBC}") = "Shared", "Shared\Shared.csproj", "{B90891DB-572F-4D1E-844B-192E354ED5D9}"
EndProject
Global
	GlobalSection(SolutionConfigurationPlatforms) = preSolution
		Debug|Any CPU = Debug|Any CPU
		Release|Any CPU = Release|Any CPU
	EndGlobalSection
	GlobalSection(ProjectConfigurationPlatforms) = postSolution
		{5DF59301-C6F7-48B1-BDF3-4A6F0865409E}.Debug|Any CPU.ActiveCfg = Debug|Any CPU
		{5DF59301-C6F7-48B1-BDF3-4A6F0865409E}.Debug|Any CPU.Build.0 = Debug|Any CPU
		{5DF59301-C6F7-48B1-BDF3-4A6F0865409E}.Release|Any CPU.ActiveCfg = Release|Any CPU
		{5DF59301-C6F7-48B1-BDF3-4A6F0865409E}.Release|Any CPU.Build.0 = Release|Any CPU
		{BF76C7D0-A2DD-4DEC-A37D-BEA3751E6C61}.Debug|Any CPU.ActiveCfg = Debug|Any CPU
		{BF76C7D0-A2DD-4DEC-A37D-BEA3751E6C61}.Debug|Any CPU.Build.0 = Debug|Any CPU
		{BF76C7D0-A2DD-4DEC-A37D-BEA3751E6C61}.Release|Any CPU.ActiveCfg = Release|Any CPU
		{BF76C7D0-A2DD-4DEC-A37D-BEA3751E6C61}.Release|Any CPU.Build.0 = Release|Any CPU
		{B90891DB-572F-4D1E-844B-192E354ED5D9}.Debug|Any CPU.ActiveCfg = Debug|Any CPU
		{B90891DB-572F-4D1E-844B-192E354ED5D9}.Debug|Any CPU.Build.0 = Debug|Any CPU
		{B90891DB-572F-4D1E-844B-192E354ED5D9}.Release|Any CPU.ActiveCfg = Release|Any CPU
		{B90891DB-572F-4D1E-844B-192E354ED5D9}.Release|Any CPU.Build.0 = Release|Any CPU
	EndGlobalSection
	GlobalSection(SolutionProperties) = preSolution
		HideSolutionNode = FALSE
	EndGlobalSection
	GlobalSection(ExtensibilityGlobals) = postSolution
		SolutionGuid = {4DABF029-41FA-489A-9193-9DA78E3F55C3}
	EndGlobalSection
EndGlobal
